lockfileVersion: '9.0'

settings:
  autoInstallPeers: true
  excludeLinksFromLockfile: false

importers:

  .:
    devDependencies:
      '@moonbit/moonbit-lsp':
        specifier: ^0.1.202409140
        version: 0.1.202409140

packages:

  '@moonbit/moonbit-lsp@0.1.202409140':
    resolution: {integrity: sha512-6IhZ6HVpfRvnWGw4+qw3cJBqCm4pEBLujD0IB1Nw5TkWoAp/m4amhMMRxVjwthOZW+MiHrww7uhhIE7cAUU42w==}
    hasBin: true

snapshots:

  '@moonbit/moonbit-lsp@0.1.202409140': {}
